
Microsoft Visual Studio Solution File, Format Version 12.00
# Visual Studio 15
VisualStudioVersion = 15.0.26730.3
MinimumVisualStudioVersion = 10.0.40219.1
Project("{FAE04EC0-301F-11D3-BF4B-00C04F79EFBC}") = "PruebaTecnica", "PruebaTecnica\PruebaTecnica.csproj", "{D58D3BC9-CFA0-4D60-A2D0-99FE70D48A91}"
EndProject
Global
	GlobalSection(SolutionConfigurationPlatforms) = preSolution
		Debug|Any CPU = Debug|Any CPU
		Release|Any CPU = Release|Any CPU
	EndGlobalSection
	GlobalSection(ProjectConfigurationPlatforms) = postSolution
		{D58D3BC9-CFA0-4D60-A2D0-99FE70D48A91}.Debug|Any CPU.ActiveCfg = Debug|Any CPU
		{D58D3BC9-CFA0-4D60-A2D0-99FE70D48A91}.Debug|Any CPU.Build.0 = Debug|Any CPU
		{D58D3BC9-CFA0-4D60-A2D0-99FE70D48A91}.Release|Any CPU.ActiveCfg = Release|Any CPU
		{D58D3BC9-CFA0-4D60-A2D0-99FE70D48A91}.Release|Any CPU.Build.0 = Release|Any CPU
	EndGlobalSection
	GlobalSection(SolutionProperties) = preSolution
		HideSolutionNode = FALSE
	EndGlobalSection
	GlobalSection(ExtensibilityGlobals) = postSolution
		SolutionGuid = {5CEFF89C-6335-4EEB-BAD4-9EF3EFDA505A}
	EndGlobalSection
EndGlobal
